
Microsoft Visual Studio Solution File, Format Version 12.00
Project("{FAE04EC0-301F-11D3-BF4B-00C04F79EFBC}") = "TokkDb.Core", "TokkDb.Core\TokkDb.Core.csproj", "{CE156D12-ED0D-4A89-B021-2DE3065CAA96}"
EndProject
Project("{FAE04EC0-301F-11D3-BF4B-00C04F79EFBC}") = "TokkDb.Server", "TokkDb.Server\TokkDb.Server.csproj", "{B743A434-4B10-46E7-B131-B4D2539B7ECE}"
EndProject
Project("{FAE04EC0-301F-11D3-BF4B-00C04F79EFBC}") = "TokkDb.Data", "TokkDb.Data\TokkDb.Data.csproj", "{6ECCC965-8B9A-423E-A838-28104AC96CB1}"
EndProject
Project("{FAE04EC0-301F-11D3-BF4B-00C04F79EFBC}") = "TokkDb.DevConsole", "TokkDb.DevConsole\TokkDb.DevConsole.csproj", "{5285412A-1552-4468-AFF3-D8DFC4FD76B0}"
EndProject
Project("{FAE04EC0-301F-11D3-BF4B-00C04F79EFBC}") = "TokkDb", "TokkDb\TokkDb.csproj", "{25F567AC-2173-46B8-8A0F-224AAC6780FD}"
EndProject
Project("{2150E333-8FDC-42A3-9474-1A3956D46DE8}") = "Engine", "Engine", "{08C541EC-7560-4851-93D0-12C34E419082}"
EndProject
Project("{2150E333-8FDC-42A3-9474-1A3956D46DE8}") = "Endpoint", "Endpoint", "{F054F38A-9AFC-43F8-A5AE-D88BA5F4063D}"
EndProject
Project("{FAE04EC0-301F-11D3-BF4B-00C04F79EFBC}") = "TokkDb.Disk", "TokkDb.Disk\TokkDb.Disk.csproj", "{E391E6B0-4F5C-42C8-B5B0-F33170F4CF90}"
EndProject
Project("{FAE04EC0-301F-11D3-BF4B-00C04F79EFBC}") = "TokkDb.Query", "TokkDb.Query\TokkDb.Query.csproj", "{FF32316D-9184-410D-A51E-45B6234D5FC4}"
EndProject
Project("{FAE04EC0-301F-11D3-BF4B-00C04F79EFBC}") = "TokkDb.Values", "TokkDb.Values\TokkDb.Values.csproj", "{EACBC911-3344-4CE4-8B09-097367186FA9}"
EndProject
Global
	GlobalSection(SolutionConfigurationPlatforms) = preSolution
		Debug|Any CPU = Debug|Any CPU
		Release|Any CPU = Release|Any CPU
	EndGlobalSection
	GlobalSection(ProjectConfigurationPlatforms) = postSolution
		{CE156D12-ED0D-4A89-B021-2DE3065CAA96}.Debug|Any CPU.ActiveCfg = Debug|Any CPU
		{CE156D12-ED0D-4A89-B021-2DE3065CAA96}.Debug|Any CPU.Build.0 = Debug|Any CPU
		{CE156D12-ED0D-4A89-B021-2DE3065CAA96}.Release|Any CPU.ActiveCfg = Release|Any CPU
		{CE156D12-ED0D-4A89-B021-2DE3065CAA96}.Release|Any CPU.Build.0 = Release|Any CPU
		{B743A434-4B10-46E7-B131-B4D2539B7ECE}.Debug|Any CPU.ActiveCfg = Debug|Any CPU
		{B743A434-4B10-46E7-B131-B4D2539B7ECE}.Debug|Any CPU.Build.0 = Debug|Any CPU
		{B743A434-4B10-46E7-B131-B4D2539B7ECE}.Release|Any CPU.ActiveCfg = Release|Any CPU
		{B743A434-4B10-46E7-B131-B4D2539B7ECE}.Release|Any CPU.Build.0 = Release|Any CPU
		{6ECCC965-8B9A-423E-A838-28104AC96CB1}.Debug|Any CPU.ActiveCfg = Debug|Any CPU
		{6ECCC965-8B9A-423E-A838-28104AC96CB1}.Debug|Any CPU.Build.0 = Debug|Any CPU
		{6ECCC965-8B9A-423E-A838-28104AC96CB1}.Release|Any CPU.ActiveCfg = Release|Any CPU
		{6ECCC965-8B9A-423E-A838-28104AC96CB1}.Release|Any CPU.Build.0 = Release|Any CPU
		{5285412A-1552-4468-AFF3-D8DFC4FD76B0}.Debug|Any CPU.ActiveCfg = Debug|Any CPU
		{5285412A-1552-4468-AFF3-D8DFC4FD76B0}.Debug|Any CPU.Build.0 = Debug|Any CPU
		{5285412A-1552-4468-AFF3-D8DFC4FD76B0}.Release|Any CPU.ActiveCfg = Release|Any CPU
		{5285412A-1552-4468-AFF3-D8DFC4FD76B0}.Release|Any CPU.Build.0 = Release|Any CPU
		{25F567AC-2173-46B8-8A0F-224AAC6780FD}.Debug|Any CPU.ActiveCfg = Debug|Any CPU
		{25F567AC-2173-46B8-8A0F-224AAC6780FD}.Debug|Any CPU.Build.0 = Debug|Any CPU
		{25F567AC-2173-46B8-8A0F-224AAC6780FD}.Release|Any CPU.ActiveCfg = Release|Any CPU
		{25F567AC-2173-46B8-8A0F-224AAC6780FD}.Release|Any CPU.Build.0 = Release|Any CPU
		{E391E6B0-4F5C-42C8-B5B0-F33170F4CF90}.Debug|Any CPU.ActiveCfg = Debug|Any CPU
		{E391E6B0-4F5C-42C8-B5B0-F33170F4CF90}.Debug|Any CPU.Build.0 = Debug|Any CPU
		{E391E6B0-4F5C-42C8-B5B0-F33170F4CF90}.Release|Any CPU.ActiveCfg = Release|Any CPU
		{E391E6B0-4F5C-42C8-B5B0-F33170F4CF90}.Release|Any CPU.Build.0 = Release|Any CPU
		{FF32316D-9184-410D-A51E-45B6234D5FC4}.Debug|Any CPU.ActiveCfg = Debug|Any CPU
		{FF32316D-9184-410D-A51E-45B6234D5FC4}.Debug|Any CPU.Build.0 = Debug|Any CPU
		{FF32316D-9184-410D-A51E-45B6234D5FC4}.Release|Any CPU.ActiveCfg = Release|Any CPU
		{FF32316D-9184-410D-A51E-45B6234D5FC4}.Release|Any CPU.Build.0 = Release|Any CPU
		{EACBC911-3344-4CE4-8B09-097367186FA9}.Debug|Any CPU.ActiveCfg = Debug|Any CPU
		{EACBC911-3344-4CE4-8B09-097367186FA9}.Debug|Any CPU.Build.0 = Debug|Any CPU
		{EACBC911-3344-4CE4-8B09-097367186FA9}.Release|Any CPU.ActiveCfg = Release|Any CPU
		{EACBC911-3344-4CE4-8B09-097367186FA9}.Release|Any CPU.Build.0 = Release|Any CPU
	EndGlobalSection
	GlobalSection(NestedProjects) = preSolution
		{25F567AC-2173-46B8-8A0F-224AAC6780FD} = {08C541EC-7560-4851-93D0-12C34E419082}
		{CE156D12-ED0D-4A89-B021-2DE3065CAA96} = {08C541EC-7560-4851-93D0-12C34E419082}
		{6ECCC965-8B9A-423E-A838-28104AC96CB1} = {08C541EC-7560-4851-93D0-12C34E419082}
		{B743A434-4B10-46E7-B131-B4D2539B7ECE} = {F054F38A-9AFC-43F8-A5AE-D88BA5F4063D}
		{5285412A-1552-4468-AFF3-D8DFC4FD76B0} = {F054F38A-9AFC-43F8-A5AE-D88BA5F4063D}
		{E391E6B0-4F5C-42C8-B5B0-F33170F4CF90} = {08C541EC-7560-4851-93D0-12C34E419082}
		{FF32316D-9184-410D-A51E-45B6234D5FC4} = {08C541EC-7560-4851-93D0-12C34E419082}
		{EACBC911-3344-4CE4-8B09-097367186FA9} = {08C541EC-7560-4851-93D0-12C34E419082}
	EndGlobalSection
EndGlobal
