<Solution>
  <Project Path="TokkDb.Buffer\TokkDb.Buffer.csproj" Type="Classic C#" />
  <Project Path="TokkDb.Configuration\TokkDb.Configuration.csproj" Type="Classic C#" />
  <Project Path="TokkDb.Disk\TokkDb.Disk.csproj" Type="Classic C#" />
  <Project Path="TokkDb.Documents\TokkDb.Documents.csproj" Type="Classic C#" />
  <Project Path="TokkDb.Example.Console\TokkDb.Example.Console.csproj" Type="Classic C#" />
  <Project Path="TokkDb.Pages\TokkDb.Pages.csproj" Type="Classic C#" />
  <Project Path="TokkDb.Values\TokkDb.Values.csproj" Type="Classic C#" />
  <Project Path="TokkDb\TokkDb.csproj" Type="Classic C#" />
</Solution>